
Microsoft Visual Studio Solution File, Format Version 12.00
# Visual Studio Version 17
VisualStudioVersion = 17.3.32819.101
MinimumVisualStudioVersion = 10.0.40219.1
Project("{8BC9CEB8-8B4A-11D0-8D11-00A0C91BC942}") = "lovela", "lovela\lovela.vcxproj", "{451648C3-767B-4937-A51B-756A99D6D2AA}"
EndProject
Project("{2150E333-8FDC-42A3-9474-1A3956D46DE8}") = "Solution Items", "Solution Items", "{C60972C5-DF3B-4E73-A261-0C869B7CA88F}"
	ProjectSection(SolutionItems) = preProject
		.gitignore = .gitignore
		DOC.md = DOC.md
		LICENSE = LICENSE
		README.md = README.md
		TODO.md = TODO.md
	EndProjectSection
EndProject
Project("{2150E333-8FDC-42A3-9474-1A3956D46DE8}") = "targets", "targets", "{BB9095B5-2311-42F3-9049-2AD6BD705342}"
EndProject
Project("{2150E333-8FDC-42A3-9474-1A3956D46DE8}") = "cpp", "cpp", "{62910474-EC67-4537-8E6D-C1294247E1B8}"
EndProject
Project("{8BC9CEB8-8B4A-11D0-8D11-00A0C91BC942}") = "tests", "targets\cpp\tests\tests.vcxproj", "{8E5E1692-F3FF-445E-A531-79CADD4C9BE3}"
EndProject
Project("{8BC9CEB8-8B4A-11D0-8D11-00A0C91BC942}") = "source", "targets\cpp\source\source.vcxitems", "{534C2B31-8971-4797-93F5-1D4538CA84E4}"
EndProject
Project("{8BC9CEB8-8B4A-11D0-8D11-00A0C91BC942}") = "program", "targets\cpp\program\program.vcxproj", "{D58A3804-5E3E-4034-BEC4-6D0D1BD7FA64}"
EndProject
Project("{8BC9CEB8-8B4A-11D0-8D11-00A0C91BC942}") = "tests", "tests\tests.vcxproj", "{A1C44B36-4549-4EB3-BE6B-1865B090A1FD}"
EndProject
Global
	GlobalSection(SolutionConfigurationPlatforms) = preSolution
		Debug|x64 = Debug|x64
		Debug|x86 = Debug|x86
		Release|x64 = Release|x64
		Release|x86 = Release|x86
	EndGlobalSection
	GlobalSection(ProjectConfigurationPlatforms) = postSolution
		{451648C3-767B-4937-A51B-756A99D6D2AA}.Debug|x64.ActiveCfg = Debug|x64
		{451648C3-767B-4937-A51B-756A99D6D2AA}.Debug|x64.Build.0 = Debug|x64
		{451648C3-767B-4937-A51B-756A99D6D2AA}.Debug|x86.ActiveCfg = Debug|Win32
		{451648C3-767B-4937-A51B-756A99D6D2AA}.Debug|x86.Build.0 = Debug|Win32
		{451648C3-767B-4937-A51B-756A99D6D2AA}.Release|x64.ActiveCfg = Release|x64
		{451648C3-767B-4937-A51B-756A99D6D2AA}.Release|x64.Build.0 = Release|x64
		{451648C3-767B-4937-A51B-756A99D6D2AA}.Release|x86.ActiveCfg = Release|Win32
		{451648C3-767B-4937-A51B-756A99D6D2AA}.Release|x86.Build.0 = Release|Win32
		{8E5E1692-F3FF-445E-A531-79CADD4C9BE3}.Debug|x64.ActiveCfg = Debug|x64
		{8E5E1692-F3FF-445E-A531-79CADD4C9BE3}.Debug|x64.Build.0 = Debug|x64
		{8E5E1692-F3FF-445E-A531-79CADD4C9BE3}.Debug|x86.ActiveCfg = Debug|Win32
		{8E5E1692-F3FF-445E-A531-79CADD4C9BE3}.Debug|x86.Build.0 = Debug|Win32
		{8E5E1692-F3FF-445E-A531-79CADD4C9BE3}.Release|x64.ActiveCfg = Release|x64
		{8E5E1692-F3FF-445E-A531-79CADD4C9BE3}.Release|x64.Build.0 = Release|x64
		{8E5E1692-F3FF-445E-A531-79CADD4C9BE3}.Release|x86.ActiveCfg = Release|Win32
		{8E5E1692-F3FF-445E-A531-79CADD4C9BE3}.Release|x86.Build.0 = Release|Win32
		{D58A3804-5E3E-4034-BEC4-6D0D1BD7FA64}.Debug|x64.ActiveCfg = Debug|x64
		{D58A3804-5E3E-4034-BEC4-6D0D1BD7FA64}.Debug|x64.Build.0 = Debug|x64
		{D58A3804-5E3E-4034-BEC4-6D0D1BD7FA64}.Debug|x86.ActiveCfg = Debug|Win32
		{D58A3804-5E3E-4034-BEC4-6D0D1BD7FA64}.Debug|x86.Build.0 = Debug|Win32
		{D58A3804-5E3E-4034-BEC4-6D0D1BD7FA64}.Release|x64.ActiveCfg = Release|x64
		{D58A3804-5E3E-4034-BEC4-6D0D1BD7FA64}.Release|x64.Build.0 = Release|x64
		{D58A3804-5E3E-4034-BEC4-6D0D1BD7FA64}.Release|x86.ActiveCfg = Release|Win32
		{D58A3804-5E3E-4034-BEC4-6D0D1BD7FA64}.Release|x86.Build.0 = Release|Win32
		{A1C44B36-4549-4EB3-BE6B-1865B090A1FD}.Debug|x64.ActiveCfg = Debug|x64
		{A1C44B36-4549-4EB3-BE6B-1865B090A1FD}.Debug|x64.Build.0 = Debug|x64
		{A1C44B36-4549-4EB3-BE6B-1865B090A1FD}.Debug|x86.ActiveCfg = Debug|Win32
		{A1C44B36-4549-4EB3-BE6B-1865B090A1FD}.Debug|x86.Build.0 = Debug|Win32
		{A1C44B36-4549-4EB3-BE6B-1865B090A1FD}.Release|x64.ActiveCfg = Release|x64
		{A1C44B36-4549-4EB3-BE6B-1865B090A1FD}.Release|x64.Build.0 = Release|x64
		{A1C44B36-4549-4EB3-BE6B-1865B090A1FD}.Release|x86.ActiveCfg = Release|Win32
		{A1C44B36-4549-4EB3-BE6B-1865B090A1FD}.Release|x86.Build.0 = Release|Win32
	EndGlobalSection
	GlobalSection(SolutionProperties) = preSolution
		HideSolutionNode = FALSE
	EndGlobalSection
	GlobalSection(NestedProjects) = preSolution
		{62910474-EC67-4537-8E6D-C1294247E1B8} = {BB9095B5-2311-42F3-9049-2AD6BD705342}
		{8E5E1692-F3FF-445E-A531-79CADD4C9BE3} = {62910474-EC67-4537-8E6D-C1294247E1B8}
		{534C2B31-8971-4797-93F5-1D4538CA84E4} = {62910474-EC67-4537-8E6D-C1294247E1B8}
		{D58A3804-5E3E-4034-BEC4-6D0D1BD7FA64} = {62910474-EC67-4537-8E6D-C1294247E1B8}
	EndGlobalSection
	GlobalSection(ExtensibilityGlobals) = postSolution
		SolutionGuid = {4B580BA7-1840-4F32-9CFD-2517A3852B3B}
	EndGlobalSection
EndGlobal
