<?xml version="1.0" encoding="utf-8"?>
<Project ToolsVersion="4.0" xmlns="http://schemas.microsoft.com/developer/msbuild/2003">
  <ItemGroup>
    <ClCompile Include="Lexer.cpp" />
    <ClCompile Include="Parser.cpp" />
    <ClCompile Include="LexerBase.cpp" />
    <ClCompile Include="ParseException.cpp" />
    <ClCompile Include="Node.cpp" />
    <ClCompile Include="ParserBase.cpp" />
    <ClCompile Include="CodeGeneratorCpp.cpp">
      <Filter>CodeGeneratorCpp</Filter>
    </ClCompile>
    <ClCompile Include="StandardCDeclarations.cpp">
      <Filter>CodeGeneratorCpp</Filter>
    </ClCompile>
    <ClCompile Include="StandardCppDeclarations.cpp">
      <Filter>CodeGeneratorCpp</Filter>
    </ClCompile>
    <ClCompile Include="CodeGeneratorFactory.cpp" />
    <ClCompile Include="ParserFactory.cpp" />
    <ClCompile Include="LexerFactory.cpp" />
    <ClCompile Include="Algorithm.cpp" />
    <ClCompile Include="pch.cpp">
      <Filter>Main</Filter>
    </ClCompile>
  </ItemGroup>
  <ItemGroup>
    <Filter Include="CodeGeneratorCpp">
      <UniqueIdentifier>{271e455b-01c2-4c47-9076-26af72095ad5}</UniqueIdentifier>
    </Filter>
    <Filter Include="Main">
      <UniqueIdentifier>{2cff5842-59be-40fa-a640-3f33a5962767}</UniqueIdentifier>
    </Filter>
    <Filter Include="Libraries">
      <UniqueIdentifier>{916b1182-43b4-4794-ae5d-e111aa89074b}</UniqueIdentifier>
    </Filter>
  </ItemGroup>
  <ItemGroup>
    <ClInclude Include="CodeGeneratorFactory.h" />
    <ClInclude Include="DataType.h" />
    <ClInclude Include="ICodeGenerator.h" />
    <ClInclude Include="ILexer.h" />
    <ClInclude Include="IParser.h" />
    <ClInclude Include="Lexer.h" />
    <ClInclude Include="LexerBase.h" />
    <ClInclude Include="LexerFactory.h" />
    <ClInclude Include="Node.h" />
    <ClInclude Include="ParseException.h" />
    <ClInclude Include="Parser.h" />
    <ClInclude Include="ParserBase.h" />
    <ClInclude Include="ParserFactory.h" />
    <ClInclude Include="Token.h" />
    <ClInclude Include="Utility.h" />
    <ClInclude Include="CodeGeneratorCpp.h">
      <Filter>CodeGeneratorCpp</Filter>
    </ClInclude>
    <ClInclude Include="StandardCDeclarations.h">
      <Filter>CodeGeneratorCpp</Filter>
    </ClInclude>
    <ClInclude Include="StandardCppDeclarations.h">
      <Filter>CodeGeneratorCpp</Filter>
    </ClInclude>
    <ClInclude Include="TokenGenerator.h" />
    <ClInclude Include="Algorithm.h" />
    <ClInclude Include="pch.h">
      <Filter>Main</Filter>
    </ClInclude>
    <ClInclude Include="magic_enum.hpp">
      <Filter>Libraries</Filter>
    </ClInclude>
    <ClInclude Include="generator.hpp">
      <Filter>Libraries</Filter>
    </ClInclude>
  </ItemGroup>
</Project>