<?xml version="1.0" encoding="utf-8"?>
<Project ToolsVersion="4.0" xmlns="http://schemas.microsoft.com/developer/msbuild/2003">
  <ItemGroup>
    <ClCompile Include="Lexer.cpp" />
    <ClCompile Include="lovela.cpp" />
    <ClCompile Include="Testing.cpp" />
    <ClCompile Include="Parser.cpp" />
    <ClCompile Include="LexerBase.cpp" />
    <ClCompile Include="ParseException.cpp" />
    <ClCompile Include="Node.cpp" />
    <ClCompile Include="ParserBase.cpp" />
    <ClCompile Include="TestingBase.cpp" />
    <ClCompile Include="DataType.ixx" />
    <ClCompile Include="ILexer.ixx" />
    <ClCompile Include="IParser.ixx" />
    <ClCompile Include="Lexer.ixx" />
    <ClCompile Include="LexerBase.ixx" />
    <ClCompile Include="Node.ixx" />
    <ClCompile Include="ParseException.ixx" />
    <ClCompile Include="Parser.ixx" />
    <ClCompile Include="ParserBase.ixx" />
    <ClCompile Include="StaticMap.ixx" />
    <ClCompile Include="Testing.ixx" />
    <ClCompile Include="TestingBase.ixx" />
    <ClCompile Include="Token.ixx" />
    <ClCompile Include="Utility.ixx" />
    <ClCompile Include="LexerFactory.ixx" />
    <ClCompile Include="ParserFactory.ixx" />
    <ClCompile Include="CodeGeneratorFactory.ixx" />
    <ClCompile Include="ICodeGenerator.ixx" />
    <ClCompile Include="CodeGeneratorCpp.cpp">
      <Filter>CodeGeneratorCpp</Filter>
    </ClCompile>
    <ClCompile Include="CodeGeneratorCpp.ixx">
      <Filter>CodeGeneratorCpp</Filter>
    </ClCompile>
    <ClCompile Include="StandardCDeclarations.cpp">
      <Filter>CodeGeneratorCpp</Filter>
    </ClCompile>
    <ClCompile Include="StandardCDeclarations.ixx">
      <Filter>CodeGeneratorCpp</Filter>
    </ClCompile>
    <ClCompile Include="StandardCppDeclarations.cpp">
      <Filter>CodeGeneratorCpp</Filter>
    </ClCompile>
    <ClCompile Include="StandardCppDeclarations.ixx">
      <Filter>CodeGeneratorCpp</Filter>
    </ClCompile>
  </ItemGroup>
  <ItemGroup>
    <Filter Include="CodeGeneratorCpp">
      <UniqueIdentifier>{271e455b-01c2-4c47-9076-26af72095ad5}</UniqueIdentifier>
    </Filter>
  </ItemGroup>
</Project>