<?xml version="1.0" encoding="utf-8"?>
<Project ToolsVersion="4.0" xmlns="http://schemas.microsoft.com/developer/msbuild/2003">
  <ItemGroup>
    <ClCompile Include="CodeGeneratorCpp.cpp">
      <Filter>CodeGeneratorCpp</Filter>
    </ClCompile>
    <ClCompile Include="StandardCDeclarations.cpp">
      <Filter>CodeGeneratorCpp</Filter>
    </ClCompile>
    <ClCompile Include="StandardCppDeclarations.cpp">
      <Filter>CodeGeneratorCpp</Filter>
    </ClCompile>
    <ClCompile Include="CodeGeneratorFactory.cpp" />
    <ClCompile Include="ParserFactory.cpp" />
    <ClCompile Include="LexerFactory.cpp" />
    <ClCompile Include="pch.cpp">
      <Filter>Main</Filter>
    </ClCompile>
    <ClCompile Include="Lexer.cpp">
      <Filter>Lexer</Filter>
    </ClCompile>
    <ClCompile Include="LexerBase.cpp">
      <Filter>Lexer</Filter>
    </ClCompile>
    <ClCompile Include="LexerRegexes.cpp">
      <Filter>Lexer</Filter>
    </ClCompile>
    <ClCompile Include="ParseException.cpp">
      <Filter>Parser</Filter>
    </ClCompile>
    <ClCompile Include="Parser.cpp">
      <Filter>Parser</Filter>
    </ClCompile>
    <ClCompile Include="ParserBase.cpp">
      <Filter>Parser</Filter>
    </ClCompile>
    <ClCompile Include="ParserRegexes.cpp">
      <Filter>Parser</Filter>
    </ClCompile>
  </ItemGroup>
  <ItemGroup>
    <Filter Include="CodeGeneratorCpp">
      <UniqueIdentifier>{271e455b-01c2-4c47-9076-26af72095ad5}</UniqueIdentifier>
    </Filter>
    <Filter Include="Main">
      <UniqueIdentifier>{2cff5842-59be-40fa-a640-3f33a5962767}</UniqueIdentifier>
    </Filter>
    <Filter Include="Libraries">
      <UniqueIdentifier>{916b1182-43b4-4794-ae5d-e111aa89074b}</UniqueIdentifier>
    </Filter>
    <Filter Include="Libraries\utf8">
      <UniqueIdentifier>{31a3b2d8-5a84-4a1a-a62c-18c928061f72}</UniqueIdentifier>
    </Filter>
    <Filter Include="Lexer">
      <UniqueIdentifier>{995675ee-0fdb-4b18-bc01-7d901c98481a}</UniqueIdentifier>
    </Filter>
    <Filter Include="Parser">
      <UniqueIdentifier>{b9a7ff04-20f6-421e-9b31-f235775c1cb1}</UniqueIdentifier>
    </Filter>
  </ItemGroup>
  <ItemGroup>
    <ClInclude Include="CodeGeneratorFactory.h" />
    <ClInclude Include="ICodeGenerator.h" />
    <ClInclude Include="ILexer.h" />
    <ClInclude Include="IParser.h" />
    <ClInclude Include="LexerFactory.h" />
    <ClInclude Include="ParserFactory.h" />
    <ClInclude Include="Utility.h" />
    <ClInclude Include="CodeGeneratorCpp.h">
      <Filter>CodeGeneratorCpp</Filter>
    </ClInclude>
    <ClInclude Include="StandardCDeclarations.h">
      <Filter>CodeGeneratorCpp</Filter>
    </ClInclude>
    <ClInclude Include="StandardCppDeclarations.h">
      <Filter>CodeGeneratorCpp</Filter>
    </ClInclude>
    <ClInclude Include="Algorithm.h" />
    <ClInclude Include="pch.h">
      <Filter>Main</Filter>
    </ClInclude>
    <ClInclude Include="magic_enum.hpp">
      <Filter>Libraries</Filter>
    </ClInclude>
    <ClInclude Include="generator.hpp">
      <Filter>Libraries</Filter>
    </ClInclude>
    <ClInclude Include="utfcpp\utf8.h">
      <Filter>Libraries</Filter>
    </ClInclude>
    <ClInclude Include="utfcpp\utf8\checked.h">
      <Filter>Libraries\utf8</Filter>
    </ClInclude>
    <ClInclude Include="utfcpp\utf8\core.h">
      <Filter>Libraries\utf8</Filter>
    </ClInclude>
    <ClInclude Include="utfcpp\utf8\cpp11.h">
      <Filter>Libraries\utf8</Filter>
    </ClInclude>
    <ClInclude Include="utfcpp\utf8\unchecked.h">
      <Filter>Libraries\utf8</Filter>
    </ClInclude>
    <ClInclude Include="lovela-dependencies.h">
      <Filter>Main</Filter>
    </ClInclude>
    <ClInclude Include="Lexer.h">
      <Filter>Lexer</Filter>
    </ClInclude>
    <ClInclude Include="LexerBase.h">
      <Filter>Lexer</Filter>
    </ClInclude>
    <ClInclude Include="LexerRegexes.h">
      <Filter>Lexer</Filter>
    </ClInclude>
    <ClInclude Include="Token.h">
      <Filter>Lexer</Filter>
    </ClInclude>
    <ClInclude Include="DataType.h">
      <Filter>Parser</Filter>
    </ClInclude>
    <ClInclude Include="Node.h">
      <Filter>Parser</Filter>
    </ClInclude>
    <ClInclude Include="ParseException.h">
      <Filter>Parser</Filter>
    </ClInclude>
    <ClInclude Include="Parser.h">
      <Filter>Parser</Filter>
    </ClInclude>
    <ClInclude Include="ParserBase.h">
      <Filter>Parser</Filter>
    </ClInclude>
    <ClInclude Include="ApiSpec.h">
      <Filter>Lexer</Filter>
    </ClInclude>
    <ClInclude Include="FunctionDeclaration.h">
      <Filter>Lexer</Filter>
    </ClInclude>
    <ClInclude Include="NameSpace.h">
      <Filter>Lexer</Filter>
    </ClInclude>
    <ClInclude Include="TypeSpec.h">
      <Filter>Lexer</Filter>
    </ClInclude>
    <ClInclude Include="VariableDeclaration.h">
      <Filter>Lexer</Filter>
    </ClInclude>
    <ClInclude Include="ParserRegexes.h">
      <Filter>Parser</Filter>
    </ClInclude>
  </ItemGroup>
</Project>