<?xml version="1.0" encoding="utf-8"?>
<Project ToolsVersion="4.0" xmlns="http://schemas.microsoft.com/developer/msbuild/2003">
  <ItemGroup>
    <Filter Include="Libraries">
      <UniqueIdentifier>{733eb38e-61c3-4760-87c3-dbe17c04550f}</UniqueIdentifier>
    </Filter>
    <Filter Include="Libraries\utf8">
      <UniqueIdentifier>{0aff6828-af8a-4e93-aa75-bb291995f7ae}</UniqueIdentifier>
    </Filter>
  </ItemGroup>
  <ItemGroup>
    <ClInclude Include="lovela-program.h" />
    <ClInclude Include="lovela-exports.h" />
    <ClInclude Include="lovela-imports.h" />
    <ClInclude Include="user-imports.h" />
    <ClInclude Include="..\source\utfcpp\utf8.h">
      <Filter>Libraries</Filter>
    </ClInclude>
    <ClInclude Include="..\source\utfcpp\utf8\unchecked.h">
      <Filter>Libraries\utf8</Filter>
    </ClInclude>
    <ClInclude Include="..\source\utfcpp\utf8\checked.h">
      <Filter>Libraries\utf8</Filter>
    </ClInclude>
    <ClInclude Include="..\source\utfcpp\utf8\core.h">
      <Filter>Libraries\utf8</Filter>
    </ClInclude>
    <ClInclude Include="..\source\utfcpp\utf8\cpp11.h">
      <Filter>Libraries\utf8</Filter>
    </ClInclude>
    <ClInclude Include="lovela-api.h" />
  </ItemGroup>
  <ItemGroup>
    <ClCompile Include="lovela-program.cpp" />
  </ItemGroup>
</Project>